// !$*UTF8*$!
{
	archiveVersion = 1;
	classes = {
	};
	objectVersion = 46;
	objects = {

/* Begin PBXBuildFile section */
		0423D51D1D9ED14C0070BA4D /* main.m in Sources */ = {isa = PBXBuildFile; fileRef = 0423D51C1D9ED14C0070BA4D /* main.m */; };
		0423D5201D9ED14C0070BA4D /* AppDelegate.m in Sources */ = {isa = PBXBuildFile; fileRef = 0423D51F1D9ED14C0070BA4D /* AppDelegate.m */; };
		0423D5231D9ED14C0070BA4D /* FirstViewController.m in Sources */ = {isa = PBXBuildFile; fileRef = 0423D5221D9ED14C0070BA4D /* FirstViewController.m */; };
		0423D5261D9ED14C0070BA4D /* SecondViewController.m in Sources */ = {isa = PBXBuildFile; fileRef = 0423D5251D9ED14C0070BA4D /* SecondViewController.m */; };
		0423D5291D9ED14C0070BA4D /* Main.storyboard in Resources */ = {isa = PBXBuildFile; fileRef = 0423D5271D9ED14C0070BA4D /* Main.storyboard */; };
		0423D52B1D9ED14C0070BA4D /* Assets.xcassets in Resources */ = {isa = PBXBuildFile; fileRef = 0423D52A1D9ED14C0070BA4D /* Assets.xcassets */; };
		0423D52E1D9ED14C0070BA4D /* LaunchScreen.storyboard in Resources */ = {isa = PBXBuildFile; fileRef = 0423D52C1D9ED14C0070BA4D /* LaunchScreen.storyboard */; };
		0423D5391D9ED14D0070BA4D /* PicassaClientTests.m in Sources */ = {isa = PBXBuildFile; fileRef = 0423D5381D9ED14D0070BA4D /* PicassaClientTests.m */; };
		0423D5441D9ED14D0070BA4D /* PicassaClientUITests.m in Sources */ = {isa = PBXBuildFile; fileRef = 0423D5431D9ED14D0070BA4D /* PicassaClientUITests.m */; };
		0423D55D1D9F12340070BA4D /* AlbumCell.m in Sources */ = {isa = PBXBuildFile; fileRef = 0423D55C1D9F12340070BA4D /* AlbumCell.m */; };
		0423D5621D9F16140070BA4D /* AlbumPhotoCell.m in Sources */ = {isa = PBXBuildFile; fileRef = 0423D5611D9F16140070BA4D /* AlbumPhotoCell.m */; };
		0423D5651D9F16B40070BA4D /* GalleryDetailsVC.m in Sources */ = {isa = PBXBuildFile; fileRef = 0423D5641D9F16B40070BA4D /* GalleryDetailsVC.m */; };
		0423D56A1D9F93870070BA4D /* EditPicVC.m in Sources */ = {isa = PBXBuildFile; fileRef = 0423D5691D9F93870070BA4D /* EditPicVC.m */; };
		0423D56C1D9FF1940070BA4D /* CoreImage.framework in Frameworks */ = {isa = PBXBuildFile; fileRef = 0423D56B1D9FF1940070BA4D /* CoreImage.framework */; };
		0423D56E1D9FF19D0070BA4D /* QuartzCore.framework in Frameworks */ = {isa = PBXBuildFile; fileRef = 0423D56D1D9FF19D0070BA4D /* QuartzCore.framework */; };
		0423D5701D9FF1A50070BA4D /* AssetsLibrary.framework in Frameworks */ = {isa = PBXBuildFile; fileRef = 0423D56F1D9FF1A50070BA4D /* AssetsLibrary.framework */; };
/* End PBXBuildFile section */

/* Begin PBXContainerItemProxy section */
		0423D5351D9ED14D0070BA4D /* PBXContainerItemProxy */ = {
			isa = PBXContainerItemProxy;
			containerPortal = 0423D5101D9ED14C0070BA4D /* Project object */;
			proxyType = 1;
			remoteGlobalIDString = 0423D5171D9ED14C0070BA4D;
			remoteInfo = PicassaClient;
		};
		0423D5401D9ED14D0070BA4D /* PBXContainerItemProxy */ = {
			isa = PBXContainerItemProxy;
			containerPortal = 0423D5101D9ED14C0070BA4D /* Project object */;
			proxyType = 1;
			remoteGlobalIDString = 0423D5171D9ED14C0070BA4D;
			remoteInfo = PicassaClient;
		};
/* End PBXContainerItemProxy section */

/* Begin PBXFileReference section */
		0423D5181D9ED14C0070BA4D /* PicassaClient.app */ = {isa = PBXFileReference; explicitFileType = wrapper.application; includeInIndex = 0; path = PicassaClient.app; sourceTree = BUILT_PRODUCTS_DIR; };
		0423D51C1D9ED14C0070BA4D /* main.m */ = {isa = PBXFileReference; lastKnownFileType = sourcecode.c.objc; path = main.m; sourceTree = "<group>"; };
		0423D51E1D9ED14C0070BA4D /* AppDelegate.h */ = {isa = PBXFileReference; lastKnownFileType = sourcecode.c.h; path = AppDelegate.h; sourceTree = "<group>"; };
		0423D51F1D9ED14C0070BA4D /* AppDelegate.m */ = {isa = PBXFileReference; lastKnownFileType = sourcecode.c.objc; path = AppDelegate.m; sourceTree = "<group>"; };
		0423D5211D9ED14C0070BA4D /* FirstViewController.h */ = {isa = PBXFileReference; lastKnownFileType = sourcecode.c.h; path = FirstViewController.h; sourceTree = "<group>"; };
		0423D5221D9ED14C0070BA4D /* FirstViewController.m */ = {isa = PBXFileReference; lastKnownFileType = sourcecode.c.objc; path = FirstViewController.m; sourceTree = "<group>"; };
		0423D5241D9ED14C0070BA4D /* SecondViewController.h */ = {isa = PBXFileReference; lastKnownFileType = sourcecode.c.h; path = SecondViewController.h; sourceTree = "<group>"; };
		0423D5251D9ED14C0070BA4D /* SecondViewController.m */ = {isa = PBXFileReference; lastKnownFileType = sourcecode.c.objc; path = SecondViewController.m; sourceTree = "<group>"; };
		0423D5281D9ED14C0070BA4D /* Base */ = {isa = PBXFileReference; lastKnownFileType = file.storyboard; name = Base; path = Base.lproj/Main.storyboard; sourceTree = "<group>"; };
		0423D52A1D9ED14C0070BA4D /* Assets.xcassets */ = {isa = PBXFileReference; lastKnownFileType = folder.assetcatalog; path = Assets.xcassets; sourceTree = "<group>"; };
		0423D52D1D9ED14C0070BA4D /* Base */ = {isa = PBXFileReference; lastKnownFileType = file.storyboard; name = Base; path = Base.lproj/LaunchScreen.storyboard; sourceTree = "<group>"; };
		0423D52F1D9ED14C0070BA4D /* Info.plist */ = {isa = PBXFileReference; lastKnownFileType = text.plist.xml; path = Info.plist; sourceTree = "<group>"; };
		0423D5341D9ED14D0070BA4D /* PicassaClientTests.xctest */ = {isa = PBXFileReference; explicitFileType = wrapper.cfbundle; includeInIndex = 0; path = PicassaClientTests.xctest; sourceTree = BUILT_PRODUCTS_DIR; };
		0423D5381D9ED14D0070BA4D /* PicassaClientTests.m */ = {isa = PBXFileReference; lastKnownFileType = sourcecode.c.objc; path = PicassaClientTests.m; sourceTree = "<group>"; };
		0423D53A1D9ED14D0070BA4D /* Info.plist */ = {isa = PBXFileReference; lastKnownFileType = text.plist.xml; path = Info.plist; sourceTree = "<group>"; };
		0423D53F1D9ED14D0070BA4D /* PicassaClientUITests.xctest */ = {isa = PBXFileReference; explicitFileType = wrapper.cfbundle; includeInIndex = 0; path = PicassaClientUITests.xctest; sourceTree = BUILT_PRODUCTS_DIR; };
		0423D5431D9ED14D0070BA4D /* PicassaClientUITests.m */ = {isa = PBXFileReference; lastKnownFileType = sourcecode.c.objc; path = PicassaClientUITests.m; sourceTree = "<group>"; };
		0423D5451D9ED14D0070BA4D /* Info.plist */ = {isa = PBXFileReference; lastKnownFileType = text.plist.xml; path = Info.plist; sourceTree = "<group>"; };
		0423D55B1D9F12340070BA4D /* AlbumCell.h */ = {isa = PBXFileReference; fileEncoding = 4; lastKnownFileType = sourcecode.c.h; path = AlbumCell.h; sourceTree = "<group>"; };
		0423D55C1D9F12340070BA4D /* AlbumCell.m */ = {isa = PBXFileReference; fileEncoding = 4; lastKnownFileType = sourcecode.c.objc; path = AlbumCell.m; sourceTree = "<group>"; };
		0423D5601D9F16140070BA4D /* AlbumPhotoCell.h */ = {isa = PBXFileReference; fileEncoding = 4; lastKnownFileType = sourcecode.c.h; path = AlbumPhotoCell.h; sourceTree = "<group>"; };
		0423D5611D9F16140070BA4D /* AlbumPhotoCell.m */ = {isa = PBXFileReference; fileEncoding = 4; lastKnownFileType = sourcecode.c.objc; path = AlbumPhotoCell.m; sourceTree = "<group>"; };
		0423D5631D9F16B40070BA4D /* GalleryDetailsVC.h */ = {isa = PBXFileReference; fileEncoding = 4; lastKnownFileType = sourcecode.c.h; path = GalleryDetailsVC.h; sourceTree = "<group>"; };
		0423D5641D9F16B40070BA4D /* GalleryDetailsVC.m */ = {isa = PBXFileReference; fileEncoding = 4; lastKnownFileType = sourcecode.c.objc; path = GalleryDetailsVC.m; sourceTree = "<group>"; };
		0423D5681D9F93870070BA4D /* EditPicVC.h */ = {isa = PBXFileReference; fileEncoding = 4; lastKnownFileType = sourcecode.c.h; path = EditPicVC.h; sourceTree = "<group>"; };
		0423D5691D9F93870070BA4D /* EditPicVC.m */ = {isa = PBXFileReference; fileEncoding = 4; lastKnownFileType = sourcecode.c.objc; path = EditPicVC.m; sourceTree = "<group>"; };
		0423D56B1D9FF1940070BA4D /* CoreImage.framework */ = {isa = PBXFileReference; lastKnownFileType = wrapper.framework; name = CoreImage.framework; path = System/Library/Frameworks/CoreImage.framework; sourceTree = SDKROOT; };
		0423D56D1D9FF19D0070BA4D /* QuartzCore.framework */ = {isa = PBXFileReference; lastKnownFileType = wrapper.framework; name = QuartzCore.framework; path = System/Library/Frameworks/QuartzCore.framework; sourceTree = SDKROOT; };
		0423D56F1D9FF1A50070BA4D /* AssetsLibrary.framework */ = {isa = PBXFileReference; lastKnownFileType = wrapper.framework; name = AssetsLibrary.framework; path = System/Library/Frameworks/AssetsLibrary.framework; sourceTree = SDKROOT; };
/* End PBXFileReference section */

/* Begin PBXFrameworksBuildPhase section */
		0423D5151D9ED14C0070BA4D /* Frameworks */ = {
			isa = PBXFrameworksBuildPhase;
			buildActionMask = 2147483647;
			files = (
				0423D5701D9FF1A50070BA4D /* AssetsLibrary.framework in Frameworks */,
				0423D56E1D9FF19D0070BA4D /* QuartzCore.framework in Frameworks */,
				0423D56C1D9FF1940070BA4D /* CoreImage.framework in Frameworks */,
			);
			runOnlyForDeploymentPostprocessing = 0;
		};
		0423D5311D9ED14D0070BA4D /* Frameworks */ = {
			isa = PBXFrameworksBuildPhase;
			buildActionMask = 2147483647;
			files = (
			);
			runOnlyForDeploymentPostprocessing = 0;
		};
		0423D53C1D9ED14D0070BA4D /* Frameworks */ = {
			isa = PBXFrameworksBuildPhase;
			buildActionMask = 2147483647;
			files = (
			);
			runOnlyForDeploymentPostprocessing = 0;
		};
/* End PBXFrameworksBuildPhase section */

/* Begin PBXGroup section */
		0423D50F1D9ED14C0070BA4D = {
			isa = PBXGroup;
			children = (
				0423D56F1D9FF1A50070BA4D /* AssetsLibrary.framework */,
				0423D56D1D9FF19D0070BA4D /* QuartzCore.framework */,
				0423D56B1D9FF1940070BA4D /* CoreImage.framework */,
				0423D51A1D9ED14C0070BA4D /* PicassaClient */,
				0423D5371D9ED14D0070BA4D /* PicassaClientTests */,
				0423D5421D9ED14D0070BA4D /* PicassaClientUITests */,
				0423D5191D9ED14C0070BA4D /* Products */,
			);
			sourceTree = "<group>";
		};
		0423D5191D9ED14C0070BA4D /* Products */ = {
			isa = PBXGroup;
			children = (
				0423D5181D9ED14C0070BA4D /* PicassaClient.app */,
				0423D5341D9ED14D0070BA4D /* PicassaClientTests.xctest */,
				0423D53F1D9ED14D0070BA4D /* PicassaClientUITests.xctest */,
			);
			name = Products;
			sourceTree = "<group>";
		};
		0423D51A1D9ED14C0070BA4D /* PicassaClient */ = {
			isa = PBXGroup;
			children = (
				0423D55E1D9F12420070BA4D /* Classes */,
				0423D5271D9ED14C0070BA4D /* Main.storyboard */,
				0423D52A1D9ED14C0070BA4D /* Assets.xcassets */,
				0423D52C1D9ED14C0070BA4D /* LaunchScreen.storyboard */,
				0423D52F1D9ED14C0070BA4D /* Info.plist */,
				0423D51B1D9ED14C0070BA4D /* Supporting Files */,
			);
			path = PicassaClient;
			sourceTree = "<group>";
		};
		0423D51B1D9ED14C0070BA4D /* Supporting Files */ = {
			isa = PBXGroup;
			children = (
				0423D51C1D9ED14C0070BA4D /* main.m */,
			);
			name = "Supporting Files";
			sourceTree = "<group>";
		};
		0423D5371D9ED14D0070BA4D /* PicassaClientTests */ = {
			isa = PBXGroup;
			children = (
				0423D5381D9ED14D0070BA4D /* PicassaClientTests.m */,
				0423D53A1D9ED14D0070BA4D /* Info.plist */,
			);
			path = PicassaClientTests;
			sourceTree = "<group>";
		};
		0423D5421D9ED14D0070BA4D /* PicassaClientUITests */ = {
			isa = PBXGroup;
			children = (
				0423D5431D9ED14D0070BA4D /* PicassaClientUITests.m */,
				0423D5451D9ED14D0070BA4D /* Info.plist */,
			);
			path = PicassaClientUITests;
			sourceTree = "<group>";
		};
		0423D55E1D9F12420070BA4D /* Classes */ = {
			isa = PBXGroup;
			children = (
				0423D5671D9F8BDA0070BA4D /* EditPicVC */,
				0423D5661D9F8BC00070BA4D /* Gallery */,
				0423D55F1D9F12540070BA4D /* Cells */,
				0423D51E1D9ED14C0070BA4D /* AppDelegate.h */,
				0423D51F1D9ED14C0070BA4D /* AppDelegate.m */,
				0423D5241D9ED14C0070BA4D /* SecondViewController.h */,
				0423D5251D9ED14C0070BA4D /* SecondViewController.m */,
			);
			name = Classes;
			sourceTree = "<group>";
		};
		0423D55F1D9F12540070BA4D /* Cells */ = {
			isa = PBXGroup;
			children = (
				0423D55B1D9F12340070BA4D /* AlbumCell.h */,
				0423D55C1D9F12340070BA4D /* AlbumCell.m */,
				0423D5601D9F16140070BA4D /* AlbumPhotoCell.h */,
				0423D5611D9F16140070BA4D /* AlbumPhotoCell.m */,
			);
			name = Cells;
			sourceTree = "<group>";
		};
		0423D5661D9F8BC00070BA4D /* Gallery */ = {
			isa = PBXGroup;
			children = (
				0423D5211D9ED14C0070BA4D /* FirstViewController.h */,
				0423D5221D9ED14C0070BA4D /* FirstViewController.m */,
				0423D5631D9F16B40070BA4D /* GalleryDetailsVC.h */,
				0423D5641D9F16B40070BA4D /* GalleryDetailsVC.m */,
			);
			name = Gallery;
			sourceTree = "<group>";
		};
		0423D5671D9F8BDA0070BA4D /* EditPicVC */ = {
			isa = PBXGroup;
			children = (
				0423D5681D9F93870070BA4D /* EditPicVC.h */,
				0423D5691D9F93870070BA4D /* EditPicVC.m */,
			);
			name = EditPicVC;
			sourceTree = "<group>";
		};
/* End PBXGroup section */

/* Begin PBXNativeTarget section */
		0423D5171D9ED14C0070BA4D /* PicassaClient */ = {
			isa = PBXNativeTarget;
			buildConfigurationList = 0423D5481D9ED14D0070BA4D /* Build configuration list for PBXNativeTarget "PicassaClient" */;
			buildPhases = (
				0423D5141D9ED14C0070BA4D /* Sources */,
				0423D5151D9ED14C0070BA4D /* Frameworks */,
				0423D5161D9ED14C0070BA4D /* Resources */,
			);
			buildRules = (
			);
			dependencies = (
			);
			name = PicassaClient;
			productName = PicassaClient;
			productReference = 0423D5181D9ED14C0070BA4D /* PicassaClient.app */;
			productType = "com.apple.product-type.application";
		};
		0423D5331D9ED14D0070BA4D /* PicassaClientTests */ = {
			isa = PBXNativeTarget;
			buildConfigurationList = 0423D54B1D9ED14D0070BA4D /* Build configuration list for PBXNativeTarget "PicassaClientTests" */;
			buildPhases = (
				0423D5301D9ED14D0070BA4D /* Sources */,
				0423D5311D9ED14D0070BA4D /* Frameworks */,
				0423D5321D9ED14D0070BA4D /* Resources */,
			);
			buildRules = (
			);
			dependencies = (
				0423D5361D9ED14D0070BA4D /* PBXTargetDependency */,
			);
			name = PicassaClientTests;
			productName = PicassaClientTests;
			productReference = 0423D5341D9ED14D0070BA4D /* PicassaClientTests.xctest */;
			productType = "com.apple.product-type.bundle.unit-test";
		};
		0423D53E1D9ED14D0070BA4D /* PicassaClientUITests */ = {
			isa = PBXNativeTarget;
			buildConfigurationList = 0423D54E1D9ED14D0070BA4D /* Build configuration list for PBXNativeTarget "PicassaClientUITests" */;
			buildPhases = (
				0423D53B1D9ED14D0070BA4D /* Sources */,
				0423D53C1D9ED14D0070BA4D /* Frameworks */,
				0423D53D1D9ED14D0070BA4D /* Resources */,
			);
			buildRules = (
			);
			dependencies = (
				0423D5411D9ED14D0070BA4D /* PBXTargetDependency */,
			);
			name = PicassaClientUITests;
			productName = PicassaClientUITests;
			productReference = 0423D53F1D9ED14D0070BA4D /* PicassaClientUITests.xctest */;
			productType = "com.apple.product-type.bundle.ui-testing";
		};
/* End PBXNativeTarget section */

/* Begin PBXProject section */
		0423D5101D9ED14C0070BA4D /* Project object */ = {
			isa = PBXProject;
			attributes = {
				LastUpgradeCheck = 0730;
				ORGANIZATIONNAME = mac;
				TargetAttributes = {
					0423D5171D9ED14C0070BA4D = {
						CreatedOnToolsVersion = 7.3.1;
					};
					0423D5331D9ED14D0070BA4D = {
						CreatedOnToolsVersion = 7.3.1;
						TestTargetID = 0423D5171D9ED14C0070BA4D;
					};
					0423D53E1D9ED14D0070BA4D = {
						CreatedOnToolsVersion = 7.3.1;
						TestTargetID = 0423D5171D9ED14C0070BA4D;
					};
				};
			};
			buildConfigurationList = 0423D5131D9ED14C0070BA4D /* Build configuration list for PBXProject "PicassaClient" */;
			compatibilityVersion = "Xcode 3.2";
			developmentRegion = English;
			hasScannedForEncodings = 0;
			knownRegions = (
				en,
				Base,
			);
			mainGroup = 0423D50F1D9ED14C0070BA4D;
			productRefGroup = 0423D5191D9ED14C0070BA4D /* Products */;
			projectDirPath = "";
			projectRoot = "";
			targets = (
				0423D5171D9ED14C0070BA4D /* PicassaClient */,
				0423D5331D9ED14D0070BA4D /* PicassaClientTests */,
				0423D53E1D9ED14D0070BA4D /* PicassaClientUITests */,
			);
		};
/* End PBXProject section */

/* Begin PBXResourcesBuildPhase section */
		0423D5161D9ED14C0070BA4D /* Resources */ = {
			isa = PBXResourcesBuildPhase;
			buildActionMask = 2147483647;
			files = (
				0423D52E1D9ED14C0070BA4D /* LaunchScreen.storyboard in Resources */,
				0423D52B1D9ED14C0070BA4D /* Assets.xcassets in Resources */,
				0423D5291D9ED14C0070BA4D /* Main.storyboard in Resources */,
			);
			runOnlyForDeploymentPostprocessing = 0;
		};
		0423D5321D9ED14D0070BA4D /* Resources */ = {
			isa = PBXResourcesBuildPhase;
			buildActionMask = 2147483647;
			files = (
			);
			runOnlyForDeploymentPostprocessing = 0;
		};
		0423D53D1D9ED14D0070BA4D /* Resources */ = {
			isa = PBXResourcesBuildPhase;
			buildActionMask = 2147483647;
			files = (
			);
			runOnlyForDeploymentPostprocessing = 0;
		};
/* End PBXResourcesBuildPhase section */

/* Begin PBXSourcesBuildPhase section */
		0423D5141D9ED14C0070BA4D /* Sources */ = {
			isa = PBXSourcesBuildPhase;
			buildActionMask = 2147483647;
			files = (
				0423D5621D9F16140070BA4D /* AlbumPhotoCell.m in Sources */,
				0423D56A1D9F93870070BA4D /* EditPicVC.m in Sources */,
				0423D5261D9ED14C0070BA4D /* SecondViewController.m in Sources */,
				0423D55D1D9F12340070BA4D /* AlbumCell.m in Sources */,
				0423D5201D9ED14C0070BA4D /* AppDelegate.m in Sources */,
				0423D5231D9ED14C0070BA4D /* FirstViewController.m in Sources */,
				0423D51D1D9ED14C0070BA4D /* main.m in Sources */,
				0423D5651D9F16B40070BA4D /* GalleryDetailsVC.m in Sources */,
			);
			runOnlyForDeploymentPostprocessing = 0;
		};
		0423D5301D9ED14D0070BA4D /* Sources */ = {
			isa = PBXSourcesBuildPhase;
			buildActionMask = 2147483647;
			files = (
				0423D5391D9ED14D0070BA4D /* PicassaClientTests.m in Sources */,
			);
			runOnlyForDeploymentPostprocessing = 0;
		};
		0423D53B1D9ED14D0070BA4D /* Sources */ = {
			isa = PBXSourcesBuildPhase;
			buildActionMask = 2147483647;
			files = (
				0423D5441D9ED14D0070BA4D /* PicassaClientUITests.m in Sources */,
			);
			runOnlyForDeploymentPostprocessing = 0;
		};
/* End PBXSourcesBuildPhase section */

/* Begin PBXTargetDependency section */
		0423D5361D9ED14D0070BA4D /* PBXTargetDependency */ = {
			isa = PBXTargetDependency;
			target = 0423D5171D9ED14C0070BA4D /* PicassaClient */;
			targetProxy = 0423D5351D9ED14D0070BA4D /* PBXContainerItemProxy */;
		};
		0423D5411D9ED14D0070BA4D /* PBXTargetDependency */ = {
			isa = PBXTargetDependency;
			target = 0423D5171D9ED14C0070BA4D /* PicassaClient */;
			targetProxy = 0423D5401D9ED14D0070BA4D /* PBXContainerItemProxy */;
		};
/* End PBXTargetDependency section */

/* Begin PBXVariantGroup section */
		0423D5271D9ED14C0070BA4D /* Main.storyboard */ = {
			isa = PBXVariantGroup;
			children = (
				0423D5281D9ED14C0070BA4D /* Base */,
			);
			name = Main.storyboard;
			sourceTree = "<group>";
		};
		0423D52C1D9ED14C0070BA4D /* LaunchScreen.storyboard */ = {
			isa = PBXVariantGroup;
			children = (
				0423D52D1D9ED14C0070BA4D /* Base */,
			);
			name = LaunchScreen.storyboard;
			sourceTree = "<group>";
		};
/* End PBXVariantGroup section */

/* Begin XCBuildConfiguration section */
		0423D5461D9ED14D0070BA4D /* Debug */ = {
			isa = XCBuildConfiguration;
			buildSettings = {
				ALWAYS_SEARCH_USER_PATHS = NO;
				CLANG_ANALYZER_NONNULL = YES;
				CLANG_CXX_LANGUAGE_STANDARD = "gnu++0x";
				CLANG_CXX_LIBRARY = "libc++";
				CLANG_ENABLE_MODULES = YES;
				CLANG_ENABLE_OBJC_ARC = YES;
				CLANG_WARN_BOOL_CONVERSION = YES;
				CLANG_WARN_CONSTANT_CONVERSION = YES;
				CLANG_WARN_DIRECT_OBJC_ISA_USAGE = YES_ERROR;
				CLANG_WARN_EMPTY_BODY = YES;
				CLANG_WARN_ENUM_CONVERSION = YES;
				CLANG_WARN_INT_CONVERSION = YES;
				CLANG_WARN_OBJC_ROOT_CLASS = YES_ERROR;
				CLANG_WARN_UNREACHABLE_CODE = YES;
				CLANG_WARN__DUPLICATE_METHOD_MATCH = YES;
				"CODE_SIGN_IDENTITY[sdk=iphoneos*]" = "iPhone Developer";
				COPY_PHASE_STRIP = NO;
				DEBUG_INFORMATION_FORMAT = dwarf;
				ENABLE_STRICT_OBJC_MSGSEND = YES;
				ENABLE_TESTABILITY = YES;
				GCC_C_LANGUAGE_STANDARD = gnu99;
				GCC_DYNAMIC_NO_PIC = NO;
				GCC_NO_COMMON_BLOCKS = YES;
				GCC_OPTIMIZATION_LEVEL = 0;
				GCC_PREPROCESSOR_DEFINITIONS = (
					"DEBUG=1",
					"$(inherited)",
				);
				GCC_WARN_64_TO_32_BIT_CONVERSION = YES;
				GCC_WARN_ABOUT_RETURN_TYPE = YES_ERROR;
				GCC_WARN_UNDECLARED_SELECTOR = YES;
				GCC_WARN_UNINITIALIZED_AUTOS = YES_AGGRESSIVE;
				GCC_WARN_UNUSED_FUNCTION = YES;
				GCC_WARN_UNUSED_VARIABLE = YES;
				IPHONEOS_DEPLOYMENT_TARGET = 9.3;
				MTL_ENABLE_DEBUG_INFO = YES;
				ONLY_ACTIVE_ARCH = YES;
				SDKROOT = iphoneos;
				TARGETED_DEVICE_FAMILY = "1,2";
			};
			name = Debug;
		};
		0423D5471D9ED14D0070BA4D /* Release */ = {
			isa = XCBuildConfiguration;
			buildSettings = {
				ALWAYS_SEARCH_USER_PATHS = NO;
				CLANG_ANALYZER_NONNULL = YES;
				CLANG_CXX_LANGUAGE_STANDARD = "gnu++0x";
				CLANG_CXX_LIBRARY = "libc++";
				CLANG_ENABLE_MODULES = YES;
				CLANG_ENABLE_OBJC_ARC = YES;
				CLANG_WARN_BOOL_CONVERSION = YES;
				CLANG_WARN_CONSTANT_CONVERSION = YES;
				CLANG_WARN_DIRECT_OBJC_ISA_USAGE = YES_ERROR;
				CLANG_WARN_EMPTY_BODY = YES;
				CLANG_WARN_ENUM_CONVERSION = YES;
				CLANG_WARN_INT_CONVERSION = YES;
				CLANG_WARN_OBJC_ROOT_CLASS = YES_ERROR;
				CLANG_WARN_UNREACHABLE_CODE = YES;
				CLANG_WARN__DUPLICATE_METHOD_MATCH = YES;
				"CODE_SIGN_IDENTITY[sdk=iphoneos*]" = "iPhone Developer";
				COPY_PHASE_STRIP = NO;
				DEBUG_INFORMATION_FORMAT = "dwarf-with-dsym";
				ENABLE_NS_ASSERTIONS = NO;
				ENABLE_STRICT_OBJC_MSGSEND = YES;
				GCC_C_LANGUAGE_STANDARD = gnu99;
				GCC_NO_COMMON_BLOCKS = YES;
				GCC_WARN_64_TO_32_BIT_CONVERSION = YES;
				GCC_WARN_ABOUT_RETURN_TYPE = YES_ERROR;
				GCC_WARN_UNDECLARED_SELECTOR = YES;
				GCC_WARN_UNINITIALIZED_AUTOS = YES_AGGRESSIVE;
				GCC_WARN_UNUSED_FUNCTION = YES;
				GCC_WARN_UNUSED_VARIABLE = YES;
				IPHONEOS_DEPLOYMENT_TARGET = 9.3;
				MTL_ENABLE_DEBUG_INFO = NO;
				SDKROOT = iphoneos;
				TARGETED_DEVICE_FAMILY = "1,2";
				VALIDATE_PRODUCT = YES;
			};
			name = Release;
		};
		0423D5491D9ED14D0070BA4D /* Debug */ = {
			isa = XCBuildConfiguration;
			buildSettings = {
				ASSETCATALOG_COMPILER_APPICON_NAME = AppIcon;
				INFOPLIST_FILE = PicassaClient/Info.plist;
				LD_RUNPATH_SEARCH_PATHS = "$(inherited) @executable_path/Frameworks";
				PRODUCT_BUNDLE_IDENTIFIER = lg.PicassaClient;
				PRODUCT_NAME = "$(TARGET_NAME)";
			};
			name = Debug;
		};
		0423D54A1D9ED14D0070BA4D /* Release */ = {
			isa = XCBuildConfiguration;
			buildSettings = {
				ASSETCATALOG_COMPILER_APPICON_NAME = AppIcon;
				INFOPLIST_FILE = PicassaClient/Info.plist;
				LD_RUNPATH_SEARCH_PATHS = "$(inherited) @executable_path/Frameworks";
				PRODUCT_BUNDLE_IDENTIFIER = lg.PicassaClient;
				PRODUCT_NAME = "$(TARGET_NAME)";
			};
			name = Release;
		};
		0423D54C1D9ED14D0070BA4D /* Debug */ = {
			isa = XCBuildConfiguration;
			buildSettings = {
				BUNDLE_LOADER = "$(TEST_HOST)";
				INFOPLIST_FILE = PicassaClientTests/Info.plist;
				LD_RUNPATH_SEARCH_PATHS = "$(inherited) @executable_path/Frameworks @loader_path/Frameworks";
				PRODUCT_BUNDLE_IDENTIFIER = lg.PicassaClientTests;
				PRODUCT_NAME = "$(TARGET_NAME)";
				TEST_HOST = "$(BUILT_PRODUCTS_DIR)/PicassaClient.app/PicassaClient";
			};
			name = Debug;
		};
		0423D54D1D9ED14D0070BA4D /* Release */ = {
			isa = XCBuildConfiguration;
			buildSettings = {
				BUNDLE_LOADER = "$(TEST_HOST)";
				INFOPLIST_FILE = PicassaClientTests/Info.plist;
				LD_RUNPATH_SEARCH_PATHS = "$(inherited) @executable_path/Frameworks @loader_path/Frameworks";
				PRODUCT_BUNDLE_IDENTIFIER = lg.PicassaClientTests;
				PRODUCT_NAME = "$(TARGET_NAME)";
				TEST_HOST = "$(BUILT_PRODUCTS_DIR)/PicassaClient.app/PicassaClient";
			};
			name = Release;
		};
		0423D54F1D9ED14D0070BA4D /* Debug */ = {
			isa = XCBuildConfiguration;
			buildSettings = {
				INFOPLIST_FILE = PicassaClientUITests/Info.plist;
				LD_RUNPATH_SEARCH_PATHS = "$(inherited) @executable_path/Frameworks @loader_path/Frameworks";
				PRODUCT_BUNDLE_IDENTIFIER = lg.PicassaClientUITests;
				PRODUCT_NAME = "$(TARGET_NAME)";
				TEST_TARGET_NAME = PicassaClient;
			};
			name = Debug;
		};
		0423D5501D9ED14D0070BA4D /* Release */ = {
			isa = XCBuildConfiguration;
			buildSettings = {
				INFOPLIST_FILE = PicassaClientUITests/Info.plist;
				LD_RUNPATH_SEARCH_PATHS = "$(inherited) @executable_path/Frameworks @loader_path/Frameworks";
				PRODUCT_BUNDLE_IDENTIFIER = lg.PicassaClientUITests;
				PRODUCT_NAME = "$(TARGET_NAME)";
				TEST_TARGET_NAME = PicassaClient;
			};
			name = Release;
		};
/* End XCBuildConfiguration section */

/* Begin XCConfigurationList section */
		0423D5131D9ED14C0070BA4D /* Build configuration list for PBXProject "PicassaClient" */ = {
			isa = XCConfigurationList;
			buildConfigurations = (
				0423D5461D9ED14D0070BA4D /* Debug */,
				0423D5471D9ED14D0070BA4D /* Release */,
			);
			defaultConfigurationIsVisible = 0;
			defaultConfigurationName = Release;
		};
		0423D5481D9ED14D0070BA4D /* Build configuration list for PBXNativeTarget "PicassaClient" */ = {
			isa = XCConfigurationList;
			buildConfigurations = (
				0423D5491D9ED14D0070BA4D /* Debug */,
				0423D54A1D9ED14D0070BA4D /* Release */,
			);
			defaultConfigurationIsVisible = 0;
			defaultConfigurationName = Release;
		};
		0423D54B1D9ED14D0070BA4D /* Build configuration list for PBXNativeTarget "PicassaClientTests" */ = {
			isa = XCConfigurationList;
			buildConfigurations = (
				0423D54C1D9ED14D0070BA4D /* Debug */,
				0423D54D1D9ED14D0070BA4D /* Release */,
			);
			defaultConfigurationIsVisible = 0;
			defaultConfigurationName = Release;
		};
		0423D54E1D9ED14D0070BA4D /* Build configuration list for PBXNativeTarget "PicassaClientUITests" */ = {
			isa = XCConfigurationList;
			buildConfigurations = (
				0423D54F1D9ED14D0070BA4D /* Debug */,
				0423D5501D9ED14D0070BA4D /* Release */,
			);
			defaultConfigurationIsVisible = 0;
			defaultConfigurationName = Release;
		};
/* End XCConfigurationList section */
	};
	rootObject = 0423D5101D9ED14C0070BA4D /* Project object */;
}
